
Microsoft Visual Studio Solution File, Format Version 12.00
# Visual Studio Version 16
VisualStudioVersion = 16.0.30523.141
MinimumVisualStudioVersion = 10.0.40219.1
Project("{FAE04EC0-301F-11D3-BF4B-00C04F79EFBC}") = "Vectors", "Vectors\Vectors.csproj", "{ADAE2CDA-7AE1-4A80-8594-3369E50E66F3}"
EndProject
Global
	GlobalSection(SolutionConfigurationPlatforms) = preSolution
		Debug|Any CPU = Debug|Any CPU
		Release|Any CPU = Release|Any CPU
	EndGlobalSection
	GlobalSection(ProjectConfigurationPlatforms) = postSolution
		{ADAE2CDA-7AE1-4A80-8594-3369E50E66F3}.Debug|Any CPU.ActiveCfg = Debug|Any CPU
		{ADAE2CDA-7AE1-4A80-8594-3369E50E66F3}.Debug|Any CPU.Build.0 = Debug|Any CPU
		{ADAE2CDA-7AE1-4A80-8594-3369E50E66F3}.Release|Any CPU.ActiveCfg = Release|Any CPU
		{ADAE2CDA-7AE1-4A80-8594-3369E50E66F3}.Release|Any CPU.Build.0 = Release|Any CPU
	EndGlobalSection
	GlobalSection(SolutionProperties) = preSolution
		HideSolutionNode = FALSE
	EndGlobalSection
	GlobalSection(ExtensibilityGlobals) = postSolution
		SolutionGuid = {3FB97001-830F-44BA-BE6D-7473719D0D28}
	EndGlobalSection
EndGlobal
